
Microsoft Visual Studio Solution File, Format Version 12.00
# Visual Studio Version 17
VisualStudioVersion = 17.4.33213.308
MinimumVisualStudioVersion = 10.0.40219.1
Project("{FAE04EC0-301F-11D3-BF4B-00C04F79EFBC}") = "ModulAR", "ModulAR\ModulAR.csproj", "{2390B822-FCC2-43BE-825D-6714F77EE2AB}"
EndProject
Global
	GlobalSection(SolutionConfigurationPlatforms) = preSolution
		Debug|Any CPU = Debug|Any CPU
		Release|Any CPU = Release|Any CPU
	EndGlobalSection
	GlobalSection(ProjectConfigurationPlatforms) = postSolution
		{2390B822-FCC2-43BE-825D-6714F77EE2AB}.Debug|Any CPU.ActiveCfg = Debug|Any CPU
		{2390B822-FCC2-43BE-825D-6714F77EE2AB}.Debug|Any CPU.Build.0 = Debug|Any CPU
		{2390B822-FCC2-43BE-825D-6714F77EE2AB}.Release|Any CPU.ActiveCfg = Release|Any CPU
		{2390B822-FCC2-43BE-825D-6714F77EE2AB}.Release|Any CPU.Build.0 = Release|Any CPU
	EndGlobalSection
	GlobalSection(SolutionProperties) = preSolution
		HideSolutionNode = FALSE
	EndGlobalSection
	GlobalSection(ExtensibilityGlobals) = postSolution
		SolutionGuid = {4D6F549B-1666-4CC3-967B-088061789A6B}
	EndGlobalSection
EndGlobal
